// !$*UTF8*$!
{
	archiveVersion = 1;
	classes = {
	};
	objectVersion = 46;
	objects = {

/* Begin PBXBuildFile section */
		F010677C17335F3900FBFF79 /* StressSensorPopoverTextVC.m in Sources */ = {isa = PBXBuildFile; fileRef = F010677B17335F3900FBFF79 /* StressSensorPopoverTextVC.m */; };
		F0958423171F72AB00788DEC /* CoreBluetooth.framework in Frameworks */ = {isa = PBXBuildFile; fileRef = F0958422171F72AB00788DEC /* CoreBluetooth.framework */; };
		F0958425171F732300788DEC /* QuartzCore.framework in Frameworks */ = {isa = PBXBuildFile; fileRef = F0958424171F732200788DEC /* QuartzCore.framework */; };
		F0958427171F734F00788DEC /* CoreData.framework in Frameworks */ = {isa = PBXBuildFile; fileRef = F0958426171F734F00788DEC /* CoreData.framework */; };
		F0AF14A1172DDB3E00FDC18B /* BLE.m in Sources */ = {isa = PBXBuildFile; fileRef = F0AF149F172DDB3E00FDC18B /* BLE.m */; };
		F0AF14D51732D22000FDC18B /* StressSensorTVCellText.m in Sources */ = {isa = PBXBuildFile; fileRef = F0AF14D41732D22000FDC18B /* StressSensorTVCellText.m */; };
		F0AF150D1732DB5500FDC18B /* StressSensorTVCellAverages.m in Sources */ = {isa = PBXBuildFile; fileRef = F0AF150C1732DB5500FDC18B /* StressSensorTVCellAverages.m */; };
		F0AF15101733022E00FDC18B /* DayStress.m in Sources */ = {isa = PBXBuildFile; fileRef = F0AF150F1733022E00FDC18B /* DayStress.m */; };
		F0AF15161733026B00FDC18B /* MonthStress.m in Sources */ = {isa = PBXBuildFile; fileRef = F0AF15151733026B00FDC18B /* MonthStress.m */; };
		F0AF7D871720D49700901983 /* StressDatabase.xcdatamodeld in Sources */ = {isa = PBXBuildFile; fileRef = F0AF7D851720D49700901983 /* StressDatabase.xcdatamodeld */; };
		F0AF7DDB1720D87100901983 /* libCorePlot-CocoaTouch.a in Frameworks */ = {isa = PBXBuildFile; fileRef = F0AF7DDA1720D87100901983 /* libCorePlot-CocoaTouch.a */; };
		F0AF7DDE1720E12C00901983 /* StressSensorConnectButton.m in Sources */ = {isa = PBXBuildFile; fileRef = F0AF7DDD1720E12C00901983 /* StressSensorConnectButton.m */; };
		F0AF7DE11720E46000901983 /* StressSensorDayVC.m in Sources */ = {isa = PBXBuildFile; fileRef = F0AF7DE01720E46000901983 /* StressSensorDayVC.m */; };
		F0AF7DED1721D5A000901983 /* MinuteStress.m in Sources */ = {isa = PBXBuildFile; fileRef = F0AF7DEC1721D5A000901983 /* MinuteStress.m */; };
		F0F5DEF9171CCF95005EA046 /* UIKit.framework in Frameworks */ = {isa = PBXBuildFile; fileRef = F0F5DEF8171CCF95005EA046 /* UIKit.framework */; };
		F0F5DEFB171CCF95005EA046 /* Foundation.framework in Frameworks */ = {isa = PBXBuildFile; fileRef = F0F5DEFA171CCF95005EA046 /* Foundation.framework */; };
		F0F5DEFD171CCF95005EA046 /* CoreGraphics.framework in Frameworks */ = {isa = PBXBuildFile; fileRef = F0F5DEFC171CCF95005EA046 /* CoreGraphics.framework */; };
		F0F5DF03171CCF95005EA046 /* InfoPlist.strings in Resources */ = {isa = PBXBuildFile; fileRef = F0F5DF01171CCF95005EA046 /* InfoPlist.strings */; };
		F0F5DF05171CCF95005EA046 /* main.m in Sources */ = {isa = PBXBuildFile; fileRef = F0F5DF04171CCF95005EA046 /* main.m */; };
		F0F5DF09171CCF95005EA046 /* StressSensorAppDelegate.m in Sources */ = {isa = PBXBuildFile; fileRef = F0F5DF08171CCF95005EA046 /* StressSensorAppDelegate.m */; };
		F0F5DF0B171CCF95005EA046 /* Default.png in Resources */ = {isa = PBXBuildFile; fileRef = F0F5DF0A171CCF95005EA046 /* Default.png */; };
		F0F5DF0D171CCF95005EA046 /* Default@2x.png in Resources */ = {isa = PBXBuildFile; fileRef = F0F5DF0C171CCF95005EA046 /* Default@2x.png */; };
		F0F5DF0F171CCF95005EA046 /* Default-568h@2x.png in Resources */ = {isa = PBXBuildFile; fileRef = F0F5DF0E171CCF95005EA046 /* Default-568h@2x.png */; };
		F0F5DF12171CCF95005EA046 /* MainStoryboard.storyboard in Resources */ = {isa = PBXBuildFile; fileRef = F0F5DF10171CCF95005EA046 /* MainStoryboard.storyboard */; };
		F0F5DF17171CCF95005EA046 /* first.png in Resources */ = {isa = PBXBuildFile; fileRef = F0F5DF16171CCF95005EA046 /* first.png */; };
		F0F5DF19171CCF95005EA046 /* first@2x.png in Resources */ = {isa = PBXBuildFile; fileRef = F0F5DF18171CCF95005EA046 /* first@2x.png */; };
		F0F5DF1E171CCF95005EA046 /* second.png in Resources */ = {isa = PBXBuildFile; fileRef = F0F5DF1D171CCF95005EA046 /* second.png */; };
		F0F5DF20171CCF95005EA046 /* second@2x.png in Resources */ = {isa = PBXBuildFile; fileRef = F0F5DF1F171CCF95005EA046 /* second@2x.png */; };
		F0F69C80173415DE00E78A61 /* AudioToolbox.framework in Frameworks */ = {isa = PBXBuildFile; fileRef = F0F69C7F173415DE00E78A61 /* AudioToolbox.framework */; };
/* End PBXBuildFile section */

/* Begin PBXFileReference section */
		F010677A17335F3900FBFF79 /* StressSensorPopoverTextVC.h */ = {isa = PBXFileReference; fileEncoding = 4; lastKnownFileType = sourcecode.c.h; path = StressSensorPopoverTextVC.h; sourceTree = "<group>"; };
		F010677B17335F3900FBFF79 /* StressSensorPopoverTextVC.m */ = {isa = PBXFileReference; fileEncoding = 4; lastKnownFileType = sourcecode.c.objc; path = StressSensorPopoverTextVC.m; sourceTree = "<group>"; };
		F0958422171F72AB00788DEC /* CoreBluetooth.framework */ = {isa = PBXFileReference; lastKnownFileType = wrapper.framework; name = CoreBluetooth.framework; path = System/Library/Frameworks/CoreBluetooth.framework; sourceTree = SDKROOT; };
		F0958424171F732200788DEC /* QuartzCore.framework */ = {isa = PBXFileReference; lastKnownFileType = wrapper.framework; name = QuartzCore.framework; path = System/Library/Frameworks/QuartzCore.framework; sourceTree = SDKROOT; };
		F0958426171F734F00788DEC /* CoreData.framework */ = {isa = PBXFileReference; lastKnownFileType = wrapper.framework; name = CoreData.framework; path = System/Library/Frameworks/CoreData.framework; sourceTree = SDKROOT; };
		F0AF149E172DDB3E00FDC18B /* BLE.h */ = {isa = PBXFileReference; fileEncoding = 4; lastKnownFileType = sourcecode.c.h; path = BLE.h; sourceTree = "<group>"; };
		F0AF149F172DDB3E00FDC18B /* BLE.m */ = {isa = PBXFileReference; fileEncoding = 4; lastKnownFileType = sourcecode.c.objc; path = BLE.m; sourceTree = "<group>"; };
		F0AF14A0172DDB3E00FDC18B /* BLEDefines.h */ = {isa = PBXFileReference; fileEncoding = 4; lastKnownFileType = sourcecode.c.h; path = BLEDefines.h; sourceTree = "<group>"; };
		F0AF14D31732D22000FDC18B /* StressSensorTVCellText.h */ = {isa = PBXFileReference; fileEncoding = 4; lastKnownFileType = sourcecode.c.h; path = StressSensorTVCellText.h; sourceTree = "<group>"; };
		F0AF14D41732D22000FDC18B /* StressSensorTVCellText.m */ = {isa = PBXFileReference; fileEncoding = 4; lastKnownFileType = sourcecode.c.objc; path = StressSensorTVCellText.m; sourceTree = "<group>"; };
		F0AF150B1732DB5500FDC18B /* StressSensorTVCellAverages.h */ = {isa = PBXFileReference; fileEncoding = 4; lastKnownFileType = sourcecode.c.h; path = StressSensorTVCellAverages.h; sourceTree = "<group>"; };
		F0AF150C1732DB5500FDC18B /* StressSensorTVCellAverages.m */ = {isa = PBXFileReference; fileEncoding = 4; lastKnownFileType = sourcecode.c.objc; path = StressSensorTVCellAverages.m; sourceTree = "<group>"; };
		F0AF150E1733022D00FDC18B /* DayStress.h */ = {isa = PBXFileReference; fileEncoding = 4; lastKnownFileType = sourcecode.c.h; path = DayStress.h; sourceTree = "<group>"; };
		F0AF150F1733022E00FDC18B /* DayStress.m */ = {isa = PBXFileReference; fileEncoding = 4; lastKnownFileType = sourcecode.c.objc; path = DayStress.m; sourceTree = "<group>"; };
		F0AF15141733026B00FDC18B /* MonthStress.h */ = {isa = PBXFileReference; fileEncoding = 4; lastKnownFileType = sourcecode.c.h; name = MonthStress.h; path = ../MonthStress.h; sourceTree = "<group>"; };
		F0AF15151733026B00FDC18B /* MonthStress.m */ = {isa = PBXFileReference; fileEncoding = 4; lastKnownFileType = sourcecode.c.objc; name = MonthStress.m; path = ../MonthStress.m; sourceTree = "<group>"; };
		F0AF7D861720D49700901983 /* StressDatabase.xcdatamodel */ = {isa = PBXFileReference; lastKnownFileType = wrapper.xcdatamodel; path = StressDatabase.xcdatamodel; sourceTree = "<group>"; };
		F0AF7D901720D87100901983 /* CorePlot-CocoaTouch.h */ = {isa = PBXFileReference; fileEncoding = 4; lastKnownFileType = sourcecode.c.h; path = "CorePlot-CocoaTouch.h"; sourceTree = "<group>"; };
		F0AF7D911720D87100901983 /* CPTAnnotation.h */ = {isa = PBXFileReference; fileEncoding = 4; lastKnownFileType = sourcecode.c.h; path = CPTAnnotation.h; sourceTree = "<group>"; };
		F0AF7D921720D87100901983 /* CPTAnnotationHostLayer.h */ = {isa = PBXFileReference; fileEncoding = 4; lastKnownFileType = sourcecode.c.h; path = CPTAnnotationHostLayer.h; sourceTree = "<group>"; };
		F0AF7D931720D87100901983 /* CPTAxis.h */ = {isa = PBXFileReference; fileEncoding = 4; lastKnownFileType = sourcecode.c.h; path = CPTAxis.h; sourceTree = "<group>"; };
		F0AF7D941720D87100901983 /* CPTAxisLabel.h */ = {isa = PBXFileReference; fileEncoding = 4; lastKnownFileType = sourcecode.c.h; path = CPTAxisLabel.h; sourceTree = "<group>"; };
		F0AF7D951720D87100901983 /* CPTAxisLabelGroup.h */ = {isa = PBXFileReference; fileEncoding = 4; lastKnownFileType = sourcecode.c.h; path = CPTAxisLabelGroup.h; sourceTree = "<group>"; };
		F0AF7D961720D87100901983 /* CPTAxisSet.h */ = {isa = PBXFileReference; fileEncoding = 4; lastKnownFileType = sourcecode.c.h; path = CPTAxisSet.h; sourceTree = "<group>"; };
		F0AF7D971720D87100901983 /* CPTAxisTitle.h */ = {isa = PBXFileReference; fileEncoding = 4; lastKnownFileType = sourcecode.c.h; path = CPTAxisTitle.h; sourceTree = "<group>"; };
		F0AF7D981720D87100901983 /* CPTBarPlot.h */ = {isa = PBXFileReference; fileEncoding = 4; lastKnownFileType = sourcecode.c.h; path = CPTBarPlot.h; sourceTree = "<group>"; };
		F0AF7D991720D87100901983 /* CPTBorderedLayer.h */ = {isa = PBXFileReference; fileEncoding = 4; lastKnownFileType = sourcecode.c.h; path = CPTBorderedLayer.h; sourceTree = "<group>"; };
		F0AF7D9A1720D87100901983 /* CPTCalendarFormatter.h */ = {isa = PBXFileReference; fileEncoding = 4; lastKnownFileType = sourcecode.c.h; path = CPTCalendarFormatter.h; sourceTree = "<group>"; };
		F0AF7D9B1720D87100901983 /* CPTColor.h */ = {isa = PBXFileReference; fileEncoding = 4; lastKnownFileType = sourcecode.c.h; path = CPTColor.h; sourceTree = "<group>"; };
		F0AF7D9C1720D87100901983 /* CPTColorSpace.h */ = {isa = PBXFileReference; fileEncoding = 4; lastKnownFileType = sourcecode.c.h; path = CPTColorSpace.h; sourceTree = "<group>"; };
		F0AF7D9D1720D87100901983 /* CPTConstraints.h */ = {isa = PBXFileReference; fileEncoding = 4; lastKnownFileType = sourcecode.c.h; path = CPTConstraints.h; sourceTree = "<group>"; };
		F0AF7D9E1720D87100901983 /* CPTDataSourceTestCase.h */ = {isa = PBXFileReference; fileEncoding = 4; lastKnownFileType = sourcecode.c.h; path = CPTDataSourceTestCase.h; sourceTree = "<group>"; };
		F0AF7D9F1720D87100901983 /* CPTDefinitions.h */ = {isa = PBXFileReference; fileEncoding = 4; lastKnownFileType = sourcecode.c.h; path = CPTDefinitions.h; sourceTree = "<group>"; };
		F0AF7DA01720D87100901983 /* CPTDerivedXYGraph.h */ = {isa = PBXFileReference; fileEncoding = 4; lastKnownFileType = sourcecode.c.h; path = CPTDerivedXYGraph.h; sourceTree = "<group>"; };
		F0AF7DA11720D87100901983 /* CPTExceptions.h */ = {isa = PBXFileReference; fileEncoding = 4; lastKnownFileType = sourcecode.c.h; path = CPTExceptions.h; sourceTree = "<group>"; };
		F0AF7DA21720D87100901983 /* CPTFill.h */ = {isa = PBXFileReference; fileEncoding = 4; lastKnownFileType = sourcecode.c.h; path = CPTFill.h; sourceTree = "<group>"; };
		F0AF7DA31720D87100901983 /* CPTGradient.h */ = {isa = PBXFileReference; fileEncoding = 4; lastKnownFileType = sourcecode.c.h; path = CPTGradient.h; sourceTree = "<group>"; };
		F0AF7DA41720D87100901983 /* CPTGraph.h */ = {isa = PBXFileReference; fileEncoding = 4; lastKnownFileType = sourcecode.c.h; path = CPTGraph.h; sourceTree = "<group>"; };
		F0AF7DA51720D87100901983 /* CPTGraphHostingView.h */ = {isa = PBXFileReference; fileEncoding = 4; lastKnownFileType = sourcecode.c.h; path = CPTGraphHostingView.h; sourceTree = "<group>"; };
		F0AF7DA61720D87100901983 /* CPTGridLineGroup.h */ = {isa = PBXFileReference; fileEncoding = 4; lastKnownFileType = sourcecode.c.h; path = CPTGridLineGroup.h; sourceTree = "<group>"; };
		F0AF7DA71720D87100901983 /* CPTGridLines.h */ = {isa = PBXFileReference; fileEncoding = 4; lastKnownFileType = sourcecode.c.h; path = CPTGridLines.h; sourceTree = "<group>"; };
		F0AF7DA81720D87100901983 /* CPTImage.h */ = {isa = PBXFileReference; fileEncoding = 4; lastKnownFileType = sourcecode.c.h; path = CPTImage.h; sourceTree = "<group>"; };
		F0AF7DA91720D87100901983 /* CPTLayer.h */ = {isa = PBXFileReference; fileEncoding = 4; lastKnownFileType = sourcecode.c.h; path = CPTLayer.h; sourceTree = "<group>"; };
		F0AF7DAA1720D87100901983 /* CPTLayerAnnotation.h */ = {isa = PBXFileReference; fileEncoding = 4; lastKnownFileType = sourcecode.c.h; path = CPTLayerAnnotation.h; sourceTree = "<group>"; };
		F0AF7DAB1720D87100901983 /* CPTLegend.h */ = {isa = PBXFileReference; fileEncoding = 4; lastKnownFileType = sourcecode.c.h; path = CPTLegend.h; sourceTree = "<group>"; };
		F0AF7DAC1720D87100901983 /* CPTLegendEntry.h */ = {isa = PBXFileReference; fileEncoding = 4; lastKnownFileType = sourcecode.c.h; path = CPTLegendEntry.h; sourceTree = "<group>"; };
		F0AF7DAD1720D87100901983 /* CPTLimitBand.h */ = {isa = PBXFileReference; fileEncoding = 4; lastKnownFileType = sourcecode.c.h; path = CPTLimitBand.h; sourceTree = "<group>"; };
		F0AF7DAE1720D87100901983 /* CPTLineCap.h */ = {isa = PBXFileReference; fileEncoding = 4; lastKnownFileType = sourcecode.c.h; path = CPTLineCap.h; sourceTree = "<group>"; };
		F0AF7DAF1720D87100901983 /* CPTLineStyle.h */ = {isa = PBXFileReference; fileEncoding = 4; lastKnownFileType = sourcecode.c.h; path = CPTLineStyle.h; sourceTree = "<group>"; };
		F0AF7DB01720D87100901983 /* CPTMutableLineStyle.h */ = {isa = PBXFileReference; fileEncoding = 4; lastKnownFileType = sourcecode.c.h; path = CPTMutableLineStyle.h; sourceTree = "<group>"; };
		F0AF7DB11720D87100901983 /* CPTMutableNumericData+TypeConversion.h */ = {isa = PBXFileReference; fileEncoding = 4; lastKnownFileType = sourcecode.c.h; path = "CPTMutableNumericData+TypeConversion.h"; sourceTree = "<group>"; };
		F0AF7DB21720D87100901983 /* CPTMutableNumericData.h */ = {isa = PBXFileReference; fileEncoding = 4; lastKnownFileType = sourcecode.c.h; path = CPTMutableNumericData.h; sourceTree = "<group>"; };
		F0AF7DB31720D87100901983 /* CPTMutablePlotRange.h */ = {isa = PBXFileReference; fileEncoding = 4; lastKnownFileType = sourcecode.c.h; path = CPTMutablePlotRange.h; sourceTree = "<group>"; };
		F0AF7DB41720D87100901983 /* CPTMutableShadow.h */ = {isa = PBXFileReference; fileEncoding = 4; lastKnownFileType = sourcecode.c.h; path = CPTMutableShadow.h; sourceTree = "<group>"; };
		F0AF7DB51720D87100901983 /* CPTMutableTextStyle.h */ = {isa = PBXFileReference; fileEncoding = 4; lastKnownFileType = sourcecode.c.h; path = CPTMutableTextStyle.h; sourceTree = "<group>"; };
		F0AF7DB61720D87100901983 /* CPTNumericData+TypeConversion.h */ = {isa = PBXFileReference; fileEncoding = 4; lastKnownFileType = sourcecode.c.h; path = "CPTNumericData+TypeConversion.h"; sourceTree = "<group>"; };
		F0AF7DB71720D87100901983 /* CPTNumericData.h */ = {isa = PBXFileReference; fileEncoding = 4; lastKnownFileType = sourcecode.c.h; path = CPTNumericData.h; sourceTree = "<group>"; };
		F0AF7DB81720D87100901983 /* CPTNumericDataType.h */ = {isa = PBXFileReference; fileEncoding = 4; lastKnownFileType = sourcecode.c.h; path = CPTNumericDataType.h; sourceTree = "<group>"; };
		F0AF7DB91720D87100901983 /* CPTPathExtensions.h */ = {isa = PBXFileReference; fileEncoding = 4; lastKnownFileType = sourcecode.c.h; path = CPTPathExtensions.h; sourceTree = "<group>"; };
		F0AF7DBA1720D87100901983 /* CPTPieChart.h */ = {isa = PBXFileReference; fileEncoding = 4; lastKnownFileType = sourcecode.c.h; path = CPTPieChart.h; sourceTree = "<group>"; };
		F0AF7DBB1720D87100901983 /* CPTPlatformSpecificCategories.h */ = {isa = PBXFileReference; fileEncoding = 4; lastKnownFileType = sourcecode.c.h; path = CPTPlatformSpecificCategories.h; sourceTree = "<group>"; };
		F0AF7DBC1720D87100901983 /* CPTPlatformSpecificDefines.h */ = {isa = PBXFileReference; fileEncoding = 4; lastKnownFileType = sourcecode.c.h; path = CPTPlatformSpecificDefines.h; sourceTree = "<group>"; };
		F0AF7DBD1720D87100901983 /* CPTPlatformSpecificFunctions.h */ = {isa = PBXFileReference; fileEncoding = 4; lastKnownFileType = sourcecode.c.h; path = CPTPlatformSpecificFunctions.h; sourceTree = "<group>"; };
		F0AF7DBE1720D87100901983 /* CPTPlot.h */ = {isa = PBXFileReference; fileEncoding = 4; lastKnownFileType = sourcecode.c.h; path = CPTPlot.h; sourceTree = "<group>"; };
		F0AF7DBF1720D87100901983 /* CPTPlotArea.h */ = {isa = PBXFileReference; fileEncoding = 4; lastKnownFileType = sourcecode.c.h; path = CPTPlotArea.h; sourceTree = "<group>"; };
		F0AF7DC01720D87100901983 /* CPTPlotAreaFrame.h */ = {isa = PBXFileReference; fileEncoding = 4; lastKnownFileType = sourcecode.c.h; path = CPTPlotAreaFrame.h; sourceTree = "<group>"; };
		F0AF7DC11720D87100901983 /* CPTPlotGroup.h */ = {isa = PBXFileReference; fileEncoding = 4; lastKnownFileType = sourcecode.c.h; path = CPTPlotGroup.h; sourceTree = "<group>"; };
		F0AF7DC21720D87100901983 /* CPTPlotRange.h */ = {isa = PBXFileReference; fileEncoding = 4; lastKnownFileType = sourcecode.c.h; path = CPTPlotRange.h; sourceTree = "<group>"; };
		F0AF7DC31720D87100901983 /* CPTPlotSpace.h */ = {isa = PBXFileReference; fileEncoding = 4; lastKnownFileType = sourcecode.c.h; path = CPTPlotSpace.h; sourceTree = "<group>"; };
		F0AF7DC41720D87100901983 /* CPTPlotSpaceAnnotation.h */ = {isa = PBXFileReference; fileEncoding = 4; lastKnownFileType = sourcecode.c.h; path = CPTPlotSpaceAnnotation.h; sourceTree = "<group>"; };
		F0AF7DC51720D87100901983 /* CPTPlotSymbol.h */ = {isa = PBXFileReference; fileEncoding = 4; lastKnownFileType = sourcecode.c.h; path = CPTPlotSymbol.h; sourceTree = "<group>"; };
		F0AF7DC61720D87100901983 /* CPTRangePlot.h */ = {isa = PBXFileReference; fileEncoding = 4; lastKnownFileType = sourcecode.c.h; path = CPTRangePlot.h; sourceTree = "<group>"; };
		F0AF7DC71720D87100901983 /* CPTResponder.h */ = {isa = PBXFileReference; fileEncoding = 4; lastKnownFileType = sourcecode.c.h; path = CPTResponder.h; sourceTree = "<group>"; };
		F0AF7DC81720D87100901983 /* CPTScatterPlot.h */ = {isa = PBXFileReference; fileEncoding = 4; lastKnownFileType = sourcecode.c.h; path = CPTScatterPlot.h; sourceTree = "<group>"; };
		F0AF7DC91720D87100901983 /* CPTShadow.h */ = {isa = PBXFileReference; fileEncoding = 4; lastKnownFileType = sourcecode.c.h; path = CPTShadow.h; sourceTree = "<group>"; };
		F0AF7DCA1720D87100901983 /* CPTTestCase.h */ = {isa = PBXFileReference; fileEncoding = 4; lastKnownFileType = sourcecode.c.h; path = CPTTestCase.h; sourceTree = "<group>"; };
		F0AF7DCB1720D87100901983 /* CPTTextLayer.h */ = {isa = PBXFileReference; fileEncoding = 4; lastKnownFileType = sourcecode.c.h; path = CPTTextLayer.h; sourceTree = "<group>"; };
		F0AF7DCC1720D87100901983 /* CPTTextStyle.h */ = {isa = PBXFileReference; fileEncoding = 4; lastKnownFileType = sourcecode.c.h; path = CPTTextStyle.h; sourceTree = "<group>"; };
		F0AF7DCD1720D87100901983 /* CPTTextStylePlatformSpecific.h */ = {isa = PBXFileReference; fileEncoding = 4; lastKnownFileType = sourcecode.c.h; path = CPTTextStylePlatformSpecific.h; sourceTree = "<group>"; };
		F0AF7DCE1720D87100901983 /* CPTTheme.h */ = {isa = PBXFileReference; fileEncoding = 4; lastKnownFileType = sourcecode.c.h; path = CPTTheme.h; sourceTree = "<group>"; };
		F0AF7DCF1720D87100901983 /* CPTTimeFormatter.h */ = {isa = PBXFileReference; fileEncoding = 4; lastKnownFileType = sourcecode.c.h; path = CPTTimeFormatter.h; sourceTree = "<group>"; };
		F0AF7DD01720D87100901983 /* CPTTradingRangePlot.h */ = {isa = PBXFileReference; fileEncoding = 4; lastKnownFileType = sourcecode.c.h; path = CPTTradingRangePlot.h; sourceTree = "<group>"; };
		F0AF7DD11720D87100901983 /* CPTUtilities.h */ = {isa = PBXFileReference; fileEncoding = 4; lastKnownFileType = sourcecode.c.h; path = CPTUtilities.h; sourceTree = "<group>"; };
		F0AF7DD21720D87100901983 /* CPTXYAxis.h */ = {isa = PBXFileReference; fileEncoding = 4; lastKnownFileType = sourcecode.c.h; path = CPTXYAxis.h; sourceTree = "<group>"; };
		F0AF7DD31720D87100901983 /* CPTXYAxisSet.h */ = {isa = PBXFileReference; fileEncoding = 4; lastKnownFileType = sourcecode.c.h; path = CPTXYAxisSet.h; sourceTree = "<group>"; };
		F0AF7DD41720D87100901983 /* CPTXYGraph.h */ = {isa = PBXFileReference; fileEncoding = 4; lastKnownFileType = sourcecode.c.h; path = CPTXYGraph.h; sourceTree = "<group>"; };
		F0AF7DD51720D87100901983 /* CPTXYPlotSpace.h */ = {isa = PBXFileReference; fileEncoding = 4; lastKnownFileType = sourcecode.c.h; path = CPTXYPlotSpace.h; sourceTree = "<group>"; };
		F0AF7DD61720D87100901983 /* mainpage.h */ = {isa = PBXFileReference; fileEncoding = 4; lastKnownFileType = sourcecode.c.h; path = mainpage.h; sourceTree = "<group>"; };
		F0AF7DD71720D87100901983 /* NSCoderExtensions.h */ = {isa = PBXFileReference; fileEncoding = 4; lastKnownFileType = sourcecode.c.h; path = NSCoderExtensions.h; sourceTree = "<group>"; };
		F0AF7DD81720D87100901983 /* NSDecimalNumberExtensions.h */ = {isa = PBXFileReference; fileEncoding = 4; lastKnownFileType = sourcecode.c.h; path = NSDecimalNumberExtensions.h; sourceTree = "<group>"; };
		F0AF7DD91720D87100901983 /* NSNumberExtensions.h */ = {isa = PBXFileReference; fileEncoding = 4; lastKnownFileType = sourcecode.c.h; path = NSNumberExtensions.h; sourceTree = "<group>"; };
		F0AF7DDA1720D87100901983 /* libCorePlot-CocoaTouch.a */ = {isa = PBXFileReference; lastKnownFileType = archive.ar; path = "libCorePlot-CocoaTouch.a"; sourceTree = "<group>"; };
		F0AF7DDC1720E12C00901983 /* StressSensorConnectButton.h */ = {isa = PBXFileReference; fileEncoding = 4; lastKnownFileType = sourcecode.c.h; path = StressSensorConnectButton.h; sourceTree = "<group>"; };
		F0AF7DDD1720E12C00901983 /* StressSensorConnectButton.m */ = {isa = PBXFileReference; fileEncoding = 4; lastKnownFileType = sourcecode.c.objc; path = StressSensorConnectButton.m; sourceTree = "<group>"; };
		F0AF7DDF1720E46000901983 /* StressSensorDayVC.h */ = {isa = PBXFileReference; fileEncoding = 4; lastKnownFileType = sourcecode.c.h; path = StressSensorDayVC.h; sourceTree = "<group>"; };
		F0AF7DE01720E46000901983 /* StressSensorDayVC.m */ = {isa = PBXFileReference; fileEncoding = 4; lastKnownFileType = sourcecode.c.objc; path = StressSensorDayVC.m; sourceTree = "<group>"; };
		F0AF7DEB1721D5A000901983 /* MinuteStress.h */ = {isa = PBXFileReference; fileEncoding = 4; lastKnownFileType = sourcecode.c.h; path = MinuteStress.h; sourceTree = "<group>"; };
		F0AF7DEC1721D5A000901983 /* MinuteStress.m */ = {isa = PBXFileReference; fileEncoding = 4; lastKnownFileType = sourcecode.c.objc; path = MinuteStress.m; sourceTree = "<group>"; };
		F0F5DEF5171CCF95005EA046 /* StressSensor1.app */ = {isa = PBXFileReference; explicitFileType = wrapper.application; includeInIndex = 0; path = StressSensor1.app; sourceTree = BUILT_PRODUCTS_DIR; };
		F0F5DEF8171CCF95005EA046 /* UIKit.framework */ = {isa = PBXFileReference; lastKnownFileType = wrapper.framework; name = UIKit.framework; path = System/Library/Frameworks/UIKit.framework; sourceTree = SDKROOT; };
		F0F5DEFA171CCF95005EA046 /* Foundation.framework */ = {isa = PBXFileReference; lastKnownFileType = wrapper.framework; name = Foundation.framework; path = System/Library/Frameworks/Foundation.framework; sourceTree = SDKROOT; };
		F0F5DEFC171CCF95005EA046 /* CoreGraphics.framework */ = {isa = PBXFileReference; lastKnownFileType = wrapper.framework; name = CoreGraphics.framework; path = System/Library/Frameworks/CoreGraphics.framework; sourceTree = SDKROOT; };
		F0F5DF00171CCF95005EA046 /* StressSensor1-Info.plist */ = {isa = PBXFileReference; lastKnownFileType = text.plist.xml; path = "StressSensor1-Info.plist"; sourceTree = "<group>"; };
		F0F5DF02171CCF95005EA046 /* en */ = {isa = PBXFileReference; lastKnownFileType = text.plist.strings; name = en; path = en.lproj/InfoPlist.strings; sourceTree = "<group>"; };
		F0F5DF04171CCF95005EA046 /* main.m */ = {isa = PBXFileReference; lastKnownFileType = sourcecode.c.objc; path = main.m; sourceTree = "<group>"; };
		F0F5DF06171CCF95005EA046 /* StressSensor1-Prefix.pch */ = {isa = PBXFileReference; lastKnownFileType = sourcecode.c.h; path = "StressSensor1-Prefix.pch"; sourceTree = "<group>"; };
		F0F5DF07171CCF95005EA046 /* StressSensorAppDelegate.h */ = {isa = PBXFileReference; lastKnownFileType = sourcecode.c.h; path = StressSensorAppDelegate.h; sourceTree = "<group>"; };
		F0F5DF08171CCF95005EA046 /* StressSensorAppDelegate.m */ = {isa = PBXFileReference; lastKnownFileType = sourcecode.c.objc; path = StressSensorAppDelegate.m; sourceTree = "<group>"; };
		F0F5DF0A171CCF95005EA046 /* Default.png */ = {isa = PBXFileReference; lastKnownFileType = image.png; path = Default.png; sourceTree = "<group>"; };
		F0F5DF0C171CCF95005EA046 /* Default@2x.png */ = {isa = PBXFileReference; lastKnownFileType = image.png; path = "Default@2x.png"; sourceTree = "<group>"; };
		F0F5DF0E171CCF95005EA046 /* Default-568h@2x.png */ = {isa = PBXFileReference; lastKnownFileType = image.png; path = "Default-568h@2x.png"; sourceTree = "<group>"; };
		F0F5DF11171CCF95005EA046 /* en */ = {isa = PBXFileReference; lastKnownFileType = file.storyboard; name = en; path = en.lproj/MainStoryboard.storyboard; sourceTree = "<group>"; };
		F0F5DF16171CCF95005EA046 /* first.png */ = {isa = PBXFileReference; lastKnownFileType = image.png; path = first.png; sourceTree = "<group>"; };
		F0F5DF18171CCF95005EA046 /* first@2x.png */ = {isa = PBXFileReference; lastKnownFileType = image.png; path = "first@2x.png"; sourceTree = "<group>"; };
		F0F5DF1D171CCF95005EA046 /* second.png */ = {isa = PBXFileReference; lastKnownFileType = image.png; path = second.png; sourceTree = "<group>"; };
		F0F5DF1F171CCF95005EA046 /* second@2x.png */ = {isa = PBXFileReference; lastKnownFileType = image.png; path = "second@2x.png"; sourceTree = "<group>"; };
		F0F69C7F173415DE00E78A61 /* AudioToolbox.framework */ = {isa = PBXFileReference; lastKnownFileType = wrapper.framework; name = AudioToolbox.framework; path = System/Library/Frameworks/AudioToolbox.framework; sourceTree = SDKROOT; };
/* End PBXFileReference section */

/* Begin PBXFrameworksBuildPhase section */
		F0F5DEF2171CCF95005EA046 /* Frameworks */ = {
			isa = PBXFrameworksBuildPhase;
			buildActionMask = 2147483647;
			files = (
				F0F69C80173415DE00E78A61 /* AudioToolbox.framework in Frameworks */,
				F0958427171F734F00788DEC /* CoreData.framework in Frameworks */,
				F0958425171F732300788DEC /* QuartzCore.framework in Frameworks */,
				F0958423171F72AB00788DEC /* CoreBluetooth.framework in Frameworks */,
				F0F5DEF9171CCF95005EA046 /* UIKit.framework in Frameworks */,
				F0F5DEFB171CCF95005EA046 /* Foundation.framework in Frameworks */,
				F0F5DEFD171CCF95005EA046 /* CoreGraphics.framework in Frameworks */,
				F0AF7DDB1720D87100901983 /* libCorePlot-CocoaTouch.a in Frameworks */,
			);
			runOnlyForDeploymentPostprocessing = 0;
		};
/* End PBXFrameworksBuildPhase section */

/* Begin PBXGroup section */
		F0958428171F73A100788DEC /* Images, logos, etc */ = {
			isa = PBXGroup;
			children = (
				F0F5DF16171CCF95005EA046 /* first.png */,
				F0F5DF18171CCF95005EA046 /* first@2x.png */,
				F0F5DF1D171CCF95005EA046 /* second.png */,
				F0F5DF1F171CCF95005EA046 /* second@2x.png */,
				F0F5DF0A171CCF95005EA046 /* Default.png */,
				F0F5DF0C171CCF95005EA046 /* Default@2x.png */,
				F0F5DF0E171CCF95005EA046 /* Default-568h@2x.png */,
			);
			name = "Images, logos, etc";
			sourceTree = "<group>";
		};
		F0AF149D172DDB3E00FDC18B /* BLE_Framework */ = {
			isa = PBXGroup;
			children = (
				F0AF149E172DDB3E00FDC18B /* BLE.h */,
				F0AF149F172DDB3E00FDC18B /* BLE.m */,
				F0AF14A0172DDB3E00FDC18B /* BLEDefines.h */,
			);
			path = BLE_Framework;
			sourceTree = "<group>";
		};
		F0AF7D8B1720D5E100901983 /* View */ = {
			isa = PBXGroup;
			children = (
				F0F5DF10171CCF95005EA046 /* MainStoryboard.storyboard */,
				F0AF150B1732DB5500FDC18B /* StressSensorTVCellAverages.h */,
				F0AF150C1732DB5500FDC18B /* StressSensorTVCellAverages.m */,
				F0AF14D31732D22000FDC18B /* StressSensorTVCellText.h */,
				F0AF14D41732D22000FDC18B /* StressSensorTVCellText.m */,
				F0AF7DDC1720E12C00901983 /* StressSensorConnectButton.h */,
				F0AF7DDD1720E12C00901983 /* StressSensorConnectButton.m */,
			);
			name = View;
			sourceTree = "<group>";
		};
		F0AF7D8C1720D5E900901983 /* Controller */ = {
			isa = PBXGroup;
			children = (
				F0AF7DDF1720E46000901983 /* StressSensorDayVC.h */,
				F0AF7DE01720E46000901983 /* StressSensorDayVC.m */,
				F010677A17335F3900FBFF79 /* StressSensorPopoverTextVC.h */,
				F010677B17335F3900FBFF79 /* StressSensorPopoverTextVC.m */,
			);
			name = Controller;
			sourceTree = "<group>";
		};
		F0AF7D8D1720D5F300901983 /* Database */ = {
			isa = PBXGroup;
			children = (
				F0AF7D851720D49700901983 /* StressDatabase.xcdatamodeld */,
				F0AF150E1733022D00FDC18B /* DayStress.h */,
				F0AF150F1733022E00FDC18B /* DayStress.m */,
				F0AF7DEB1721D5A000901983 /* MinuteStress.h */,
				F0AF7DEC1721D5A000901983 /* MinuteStress.m */,
				F0AF15141733026B00FDC18B /* MonthStress.h */,
				F0AF15151733026B00FDC18B /* MonthStress.m */,
			);
			name = Database;
			sourceTree = "<group>";
		};
		F0AF7D8E1720D82800901983 /* CorePlot */ = {
			isa = PBXGroup;
			children = (
				F0AF7D8F1720D87100901983 /* CorePlotHeaders */,
				F0AF7DDA1720D87100901983 /* libCorePlot-CocoaTouch.a */,
			);
			name = CorePlot;
			sourceTree = "<group>";
		};
		F0AF7D8F1720D87100901983 /* CorePlotHeaders */ = {
			isa = PBXGroup;
			children = (
				F0AF7D901720D87100901983 /* CorePlot-CocoaTouch.h */,
				F0AF7D911720D87100901983 /* CPTAnnotation.h */,
				F0AF7D921720D87100901983 /* CPTAnnotationHostLayer.h */,
				F0AF7D931720D87100901983 /* CPTAxis.h */,
				F0AF7D941720D87100901983 /* CPTAxisLabel.h */,
				F0AF7D951720D87100901983 /* CPTAxisLabelGroup.h */,
				F0AF7D961720D87100901983 /* CPTAxisSet.h */,
				F0AF7D971720D87100901983 /* CPTAxisTitle.h */,
				F0AF7D981720D87100901983 /* CPTBarPlot.h */,
				F0AF7D991720D87100901983 /* CPTBorderedLayer.h */,
				F0AF7D9A1720D87100901983 /* CPTCalendarFormatter.h */,
				F0AF7D9B1720D87100901983 /* CPTColor.h */,
				F0AF7D9C1720D87100901983 /* CPTColorSpace.h */,
				F0AF7D9D1720D87100901983 /* CPTConstraints.h */,
				F0AF7D9E1720D87100901983 /* CPTDataSourceTestCase.h */,
				F0AF7D9F1720D87100901983 /* CPTDefinitions.h */,
				F0AF7DA01720D87100901983 /* CPTDerivedXYGraph.h */,
				F0AF7DA11720D87100901983 /* CPTExceptions.h */,
				F0AF7DA21720D87100901983 /* CPTFill.h */,
				F0AF7DA31720D87100901983 /* CPTGradient.h */,
				F0AF7DA41720D87100901983 /* CPTGraph.h */,
				F0AF7DA51720D87100901983 /* CPTGraphHostingView.h */,
				F0AF7DA61720D87100901983 /* CPTGridLineGroup.h */,
				F0AF7DA71720D87100901983 /* CPTGridLines.h */,
				F0AF7DA81720D87100901983 /* CPTImage.h */,
				F0AF7DA91720D87100901983 /* CPTLayer.h */,
				F0AF7DAA1720D87100901983 /* CPTLayerAnnotation.h */,
				F0AF7DAB1720D87100901983 /* CPTLegend.h */,
				F0AF7DAC1720D87100901983 /* CPTLegendEntry.h */,
				F0AF7DAD1720D87100901983 /* CPTLimitBand.h */,
				F0AF7DAE1720D87100901983 /* CPTLineCap.h */,
				F0AF7DAF1720D87100901983 /* CPTLineStyle.h */,
				F0AF7DB01720D87100901983 /* CPTMutableLineStyle.h */,
				F0AF7DB11720D87100901983 /* CPTMutableNumericData+TypeConversion.h */,
				F0AF7DB21720D87100901983 /* CPTMutableNumericData.h */,
				F0AF7DB31720D87100901983 /* CPTMutablePlotRange.h */,
				F0AF7DB41720D87100901983 /* CPTMutableShadow.h */,
				F0AF7DB51720D87100901983 /* CPTMutableTextStyle.h */,
				F0AF7DB61720D87100901983 /* CPTNumericData+TypeConversion.h */,
				F0AF7DB71720D87100901983 /* CPTNumericData.h */,
				F0AF7DB81720D87100901983 /* CPTNumericDataType.h */,
				F0AF7DB91720D87100901983 /* CPTPathExtensions.h */,
				F0AF7DBA1720D87100901983 /* CPTPieChart.h */,
				F0AF7DBB1720D87100901983 /* CPTPlatformSpecificCategories.h */,
				F0AF7DBC1720D87100901983 /* CPTPlatformSpecificDefines.h */,
				F0AF7DBD1720D87100901983 /* CPTPlatformSpecificFunctions.h */,
				F0AF7DBE1720D87100901983 /* CPTPlot.h */,
				F0AF7DBF1720D87100901983 /* CPTPlotArea.h */,
				F0AF7DC01720D87100901983 /* CPTPlotAreaFrame.h */,
				F0AF7DC11720D87100901983 /* CPTPlotGroup.h */,
				F0AF7DC21720D87100901983 /* CPTPlotRange.h */,
				F0AF7DC31720D87100901983 /* CPTPlotSpace.h */,
				F0AF7DC41720D87100901983 /* CPTPlotSpaceAnnotation.h */,
				F0AF7DC51720D87100901983 /* CPTPlotSymbol.h */,
				F0AF7DC61720D87100901983 /* CPTRangePlot.h */,
				F0AF7DC71720D87100901983 /* CPTResponder.h */,
				F0AF7DC81720D87100901983 /* CPTScatterPlot.h */,
				F0AF7DC91720D87100901983 /* CPTShadow.h */,
				F0AF7DCA1720D87100901983 /* CPTTestCase.h */,
				F0AF7DCB1720D87100901983 /* CPTTextLayer.h */,
				F0AF7DCC1720D87100901983 /* CPTTextStyle.h */,
				F0AF7DCD1720D87100901983 /* CPTTextStylePlatformSpecific.h */,
				F0AF7DCE1720D87100901983 /* CPTTheme.h */,
				F0AF7DCF1720D87100901983 /* CPTTimeFormatter.h */,
				F0AF7DD01720D87100901983 /* CPTTradingRangePlot.h */,
				F0AF7DD11720D87100901983 /* CPTUtilities.h */,
				F0AF7DD21720D87100901983 /* CPTXYAxis.h */,
				F0AF7DD31720D87100901983 /* CPTXYAxisSet.h */,
				F0AF7DD41720D87100901983 /* CPTXYGraph.h */,
				F0AF7DD51720D87100901983 /* CPTXYPlotSpace.h */,
				F0AF7DD61720D87100901983 /* mainpage.h */,
				F0AF7DD71720D87100901983 /* NSCoderExtensions.h */,
				F0AF7DD81720D87100901983 /* NSDecimalNumberExtensions.h */,
				F0AF7DD91720D87100901983 /* NSNumberExtensions.h */,
			);
			path = CorePlotHeaders;
			sourceTree = "<group>";
		};
		F0F5DEEC171CCF95005EA046 = {
			isa = PBXGroup;
			children = (
				F0AF7D8E1720D82800901983 /* CorePlot */,
				F0F5DEFE171CCF95005EA046 /* StressSensor1 */,
				F0F5DEF7171CCF95005EA046 /* Frameworks */,
				F0F5DEF6171CCF95005EA046 /* Products */,
			);
			sourceTree = "<group>";
		};
		F0F5DEF6171CCF95005EA046 /* Products */ = {
			isa = PBXGroup;
			children = (
				F0F5DEF5171CCF95005EA046 /* StressSensor1.app */,
			);
			name = Products;
			sourceTree = "<group>";
		};
		F0F5DEF7171CCF95005EA046 /* Frameworks */ = {
			isa = PBXGroup;
			children = (
				F0F69C7F173415DE00E78A61 /* AudioToolbox.framework */,
				F0AF149D172DDB3E00FDC18B /* BLE_Framework */,
				F0958426171F734F00788DEC /* CoreData.framework */,
				F0958424171F732200788DEC /* QuartzCore.framework */,
				F0958422171F72AB00788DEC /* CoreBluetooth.framework */,
				F0F5DEF8171CCF95005EA046 /* UIKit.framework */,
				F0F5DEFA171CCF95005EA046 /* Foundation.framework */,
				F0F5DEFC171CCF95005EA046 /* CoreGraphics.framework */,
			);
			name = Frameworks;
			sourceTree = "<group>";
		};
		F0F5DEFE171CCF95005EA046 /* StressSensor1 */ = {
			isa = PBXGroup;
			children = (
				F0F5DF07171CCF95005EA046 /* StressSensorAppDelegate.h */,
				F0F5DF08171CCF95005EA046 /* StressSensorAppDelegate.m */,
				F0AF7D8B1720D5E100901983 /* View */,
				F0AF7D8C1720D5E900901983 /* Controller */,
				F0F5DEFF171CCF95005EA046 /* Supporting Files */,
				F0AF7D8D1720D5F300901983 /* Database */,
			);
			path = StressSensor1;
			sourceTree = "<group>";
		};
		F0F5DEFF171CCF95005EA046 /* Supporting Files */ = {
			isa = PBXGroup;
			children = (
				F0958428171F73A100788DEC /* Images, logos, etc */,
				F0F5DF00171CCF95005EA046 /* StressSensor1-Info.plist */,
				F0F5DF01171CCF95005EA046 /* InfoPlist.strings */,
				F0F5DF04171CCF95005EA046 /* main.m */,
				F0F5DF06171CCF95005EA046 /* StressSensor1-Prefix.pch */,
			);
			name = "Supporting Files";
			sourceTree = "<group>";
		};
/* End PBXGroup section */

/* Begin PBXNativeTarget section */
		F0F5DEF4171CCF95005EA046 /* StressSensor1 */ = {
			isa = PBXNativeTarget;
			buildConfigurationList = F0F5DF23171CCF95005EA046 /* Build configuration list for PBXNativeTarget "StressSensor1" */;
			buildPhases = (
				F0F5DEF1171CCF95005EA046 /* Sources */,
				F0F5DEF2171CCF95005EA046 /* Frameworks */,
				F0F5DEF3171CCF95005EA046 /* Resources */,
			);
			buildRules = (
			);
			dependencies = (
			);
			name = StressSensor1;
			productName = StressSensor1;
			productReference = F0F5DEF5171CCF95005EA046 /* StressSensor1.app */;
			productType = "com.apple.product-type.application";
		};
/* End PBXNativeTarget section */

/* Begin PBXProject section */
		F0F5DEED171CCF95005EA046 /* Project object */ = {
			isa = PBXProject;
			attributes = {
				CLASSPREFIX = StressSensor;
				LastUpgradeCheck = 0460;
				ORGANIZATIONNAME = edu.ASU;
			};
			buildConfigurationList = F0F5DEF0171CCF95005EA046 /* Build configuration list for PBXProject "StressSensor1" */;
			compatibilityVersion = "Xcode 3.2";
			developmentRegion = English;
			hasScannedForEncodings = 0;
			knownRegions = (
				en,
			);
			mainGroup = F0F5DEEC171CCF95005EA046;
			productRefGroup = F0F5DEF6171CCF95005EA046 /* Products */;
			projectDirPath = "";
			projectRoot = "";
			targets = (
				F0F5DEF4171CCF95005EA046 /* StressSensor1 */,
			);
		};
/* End PBXProject section */

/* Begin PBXResourcesBuildPhase section */
		F0F5DEF3171CCF95005EA046 /* Resources */ = {
			isa = PBXResourcesBuildPhase;
			buildActionMask = 2147483647;
			files = (
				F0F5DF03171CCF95005EA046 /* InfoPlist.strings in Resources */,
				F0F5DF0B171CCF95005EA046 /* Default.png in Resources */,
				F0F5DF0D171CCF95005EA046 /* Default@2x.png in Resources */,
				F0F5DF0F171CCF95005EA046 /* Default-568h@2x.png in Resources */,
				F0F5DF12171CCF95005EA046 /* MainStoryboard.storyboard in Resources */,
				F0F5DF17171CCF95005EA046 /* first.png in Resources */,
				F0F5DF19171CCF95005EA046 /* first@2x.png in Resources */,
				F0F5DF1E171CCF95005EA046 /* second.png in Resources */,
				F0F5DF20171CCF95005EA046 /* second@2x.png in Resources */,
			);
			runOnlyForDeploymentPostprocessing = 0;
		};
/* End PBXResourcesBuildPhase section */

/* Begin PBXSourcesBuildPhase section */
		F0F5DEF1171CCF95005EA046 /* Sources */ = {
			isa = PBXSourcesBuildPhase;
			buildActionMask = 2147483647;
			files = (
				F0F5DF05171CCF95005EA046 /* main.m in Sources */,
				F0F5DF09171CCF95005EA046 /* StressSensorAppDelegate.m in Sources */,
				F0AF7D871720D49700901983 /* StressDatabase.xcdatamodeld in Sources */,
				F0AF7DDE1720E12C00901983 /* StressSensorConnectButton.m in Sources */,
				F0AF7DE11720E46000901983 /* StressSensorDayVC.m in Sources */,
				F0AF7DED1721D5A000901983 /* MinuteStress.m in Sources */,
				F0AF14A1172DDB3E00FDC18B /* BLE.m in Sources */,
				F0AF14D51732D22000FDC18B /* StressSensorTVCellText.m in Sources */,
				F0AF150D1732DB5500FDC18B /* StressSensorTVCellAverages.m in Sources */,
				F0AF15101733022E00FDC18B /* DayStress.m in Sources */,
				F0AF15161733026B00FDC18B /* MonthStress.m in Sources */,
				F010677C17335F3900FBFF79 /* StressSensorPopoverTextVC.m in Sources */,
			);
			runOnlyForDeploymentPostprocessing = 0;
		};
/* End PBXSourcesBuildPhase section */

/* Begin PBXVariantGroup section */
		F0F5DF01171CCF95005EA046 /* InfoPlist.strings */ = {
			isa = PBXVariantGroup;
			children = (
				F0F5DF02171CCF95005EA046 /* en */,
			);
			name = InfoPlist.strings;
			sourceTree = "<group>";
		};
		F0F5DF10171CCF95005EA046 /* MainStoryboard.storyboard */ = {
			isa = PBXVariantGroup;
			children = (
				F0F5DF11171CCF95005EA046 /* en */,
			);
			name = MainStoryboard.storyboard;
			sourceTree = "<group>";
		};
/* End PBXVariantGroup section */

/* Begin XCBuildConfiguration section */
		F0F5DF21171CCF95005EA046 /* Debug */ = {
			isa = XCBuildConfiguration;
			buildSettings = {
				ALWAYS_SEARCH_USER_PATHS = NO;
				CLANG_CXX_LANGUAGE_STANDARD = "gnu++0x";
				CLANG_CXX_LIBRARY = "libc++";
				CLANG_ENABLE_OBJC_ARC = YES;
				CLANG_WARN_CONSTANT_CONVERSION = YES;
				CLANG_WARN_EMPTY_BODY = YES;
				CLANG_WARN_ENUM_CONVERSION = YES;
				CLANG_WARN_INT_CONVERSION = YES;
				CLANG_WARN__DUPLICATE_METHOD_MATCH = YES;
				"CODE_SIGN_IDENTITY[sdk=iphoneos*]" = "iPhone Developer";
				COPY_PHASE_STRIP = NO;
				GCC_C_LANGUAGE_STANDARD = gnu99;
				GCC_DYNAMIC_NO_PIC = NO;
				GCC_OPTIMIZATION_LEVEL = 0;
				GCC_PREPROCESSOR_DEFINITIONS = (
					"DEBUG=1",
					"$(inherited)",
				);
				GCC_SYMBOLS_PRIVATE_EXTERN = NO;
				GCC_WARN_ABOUT_RETURN_TYPE = YES;
				GCC_WARN_UNINITIALIZED_AUTOS = YES;
				GCC_WARN_UNUSED_VARIABLE = YES;
				IPHONEOS_DEPLOYMENT_TARGET = 6.1;
				ONLY_ACTIVE_ARCH = YES;
				SDKROOT = iphoneos;
				TARGETED_DEVICE_FAMILY = 2;
			};
			name = Debug;
		};
		F0F5DF22171CCF95005EA046 /* Release */ = {
			isa = XCBuildConfiguration;
			buildSettings = {
				ALWAYS_SEARCH_USER_PATHS = NO;
				CLANG_CXX_LANGUAGE_STANDARD = "gnu++0x";
				CLANG_CXX_LIBRARY = "libc++";
				CLANG_ENABLE_OBJC_ARC = YES;
				CLANG_WARN_CONSTANT_CONVERSION = YES;
				CLANG_WARN_EMPTY_BODY = YES;
				CLANG_WARN_ENUM_CONVERSION = YES;
				CLANG_WARN_INT_CONVERSION = YES;
				CLANG_WARN__DUPLICATE_METHOD_MATCH = YES;
				"CODE_SIGN_IDENTITY[sdk=iphoneos*]" = "iPhone Developer";
				COPY_PHASE_STRIP = YES;
				GCC_C_LANGUAGE_STANDARD = gnu99;
				GCC_WARN_ABOUT_RETURN_TYPE = YES;
				GCC_WARN_UNINITIALIZED_AUTOS = YES;
				GCC_WARN_UNUSED_VARIABLE = YES;
				IPHONEOS_DEPLOYMENT_TARGET = 6.1;
				OTHER_CFLAGS = "-DNS_BLOCK_ASSERTIONS=1";
				SDKROOT = iphoneos;
				TARGETED_DEVICE_FAMILY = 2;
				VALIDATE_PRODUCT = YES;
			};
			name = Release;
		};
		F0F5DF24171CCF95005EA046 /* Debug */ = {
			isa = XCBuildConfiguration;
			buildSettings = {
				GCC_PRECOMPILE_PREFIX_HEADER = YES;
				GCC_PREFIX_HEADER = "StressSensor1/StressSensor1-Prefix.pch";
				INFOPLIST_FILE = "StressSensor1/StressSensor1-Info.plist";
				IPHONEOS_DEPLOYMENT_TARGET = 6.1;
				LIBRARY_SEARCH_PATHS = (
					"$(inherited)",
					"\"$(SRCROOT)\"",
				);
				OTHER_LDFLAGS = "-ObjC";
				PRODUCT_NAME = "$(TARGET_NAME)";
				WRAPPER_EXTENSION = app;
			};
			name = Debug;
		};
		F0F5DF25171CCF95005EA046 /* Release */ = {
			isa = XCBuildConfiguration;
			buildSettings = {
				GCC_PRECOMPILE_PREFIX_HEADER = YES;
				GCC_PREFIX_HEADER = "StressSensor1/StressSensor1-Prefix.pch";
				INFOPLIST_FILE = "StressSensor1/StressSensor1-Info.plist";
				IPHONEOS_DEPLOYMENT_TARGET = 6.1;
				LIBRARY_SEARCH_PATHS = (
					"$(inherited)",
					"\"$(SRCROOT)\"",
				);
				OTHER_LDFLAGS = "-ObjC";
				PRODUCT_NAME = "$(TARGET_NAME)";
				WRAPPER_EXTENSION = app;
			};
			name = Release;
		};
/* End XCBuildConfiguration section */

/* Begin XCConfigurationList section */
		F0F5DEF0171CCF95005EA046 /* Build configuration list for PBXProject "StressSensor1" */ = {
			isa = XCConfigurationList;
			buildConfigurations = (
				F0F5DF21171CCF95005EA046 /* Debug */,
				F0F5DF22171CCF95005EA046 /* Release */,
			);
			defaultConfigurationIsVisible = 0;
			defaultConfigurationName = Release;
		};
		F0F5DF23171CCF95005EA046 /* Build configuration list for PBXNativeTarget "StressSensor1" */ = {
			isa = XCConfigurationList;
			buildConfigurations = (
				F0F5DF24171CCF95005EA046 /* Debug */,
				F0F5DF25171CCF95005EA046 /* Release */,
			);
			defaultConfigurationIsVisible = 0;
			defaultConfigurationName = Release;
		};
/* End XCConfigurationList section */

/* Begin XCVersionGroup section */
		F0AF7D851720D49700901983 /* StressDatabase.xcdatamodeld */ = {
			isa = XCVersionGroup;
			children = (
				F0AF7D861720D49700901983 /* StressDatabase.xcdatamodel */,
			);
			currentVersion = F0AF7D861720D49700901983 /* StressDatabase.xcdatamodel */;
			path = StressDatabase.xcdatamodeld;
			sourceTree = "<group>";
			versionGroupType = wrapper.xcdatamodel;
		};
/* End XCVersionGroup section */
	};
	rootObject = F0F5DEED171CCF95005EA046 /* Project object */;
}
